// !$*UTF8*$!
{
	archiveVersion = 1;
	classes = {
	};
	objectVersion = 50;
	objects = {

/* Begin PBXBuildFile section */
		00C3545A010094E149A5895D /* Pods_Idezz.framework in Frameworks */ = {isa = PBXBuildFile; fileRef = 129739827C9580BFF2B0FA43 /* Pods_Idezz.framework */; };
		2A52BD09235A4A890023A60F /* UIColor+Utils.swift in Sources */ = {isa = PBXBuildFile; fileRef = 2A52BD08235A4A890023A60F /* UIColor+Utils.swift */; };
		2A52BD0B235CE64B0023A60F /* ListViewModel.swift in Sources */ = {isa = PBXBuildFile; fileRef = 2A52BD0A235CE64B0023A60F /* ListViewModel.swift */; };
		2A52BD0D235CED370023A60F /* QuoteViewModel.swift in Sources */ = {isa = PBXBuildFile; fileRef = 2A52BD0C235CED370023A60F /* QuoteViewModel.swift */; };
		2AD526C922BA522300312A60 /* AppDelegate.swift in Sources */ = {isa = PBXBuildFile; fileRef = 2AD526C822BA522300312A60 /* AppDelegate.swift */; };
		2AD526CB22BA522300312A60 /* ListViewController.swift in Sources */ = {isa = PBXBuildFile; fileRef = 2AD526CA22BA522300312A60 /* ListViewController.swift */; };
		2AD526CE22BA522300312A60 /* Main.storyboard in Resources */ = {isa = PBXBuildFile; fileRef = 2AD526CC22BA522300312A60 /* Main.storyboard */; };
		2AD526D022BA522700312A60 /* Assets.xcassets in Resources */ = {isa = PBXBuildFile; fileRef = 2AD526CF22BA522700312A60 /* Assets.xcassets */; };
		2AD526D322BA522700312A60 /* LaunchScreen.storyboard in Resources */ = {isa = PBXBuildFile; fileRef = 2AD526D122BA522700312A60 /* LaunchScreen.storyboard */; };
		2AD526DB22BA538500312A60 /* QuoteViewController.swift in Sources */ = {isa = PBXBuildFile; fileRef = 2AD526DA22BA538500312A60 /* QuoteViewController.swift */; };
		2AD526DD22BA6CF600312A60 /* Category.swift in Sources */ = {isa = PBXBuildFile; fileRef = 2AD526DC22BA6CF600312A60 /* Category.swift */; };
		2AD526DF22BAD91E00312A60 /* quotes.json in Resources */ = {isa = PBXBuildFile; fileRef = 2AD526DE22BAD91E00312A60 /* quotes.json */; };
		2AF699C9235E459700A056BA /* Quote.swift in Sources */ = {isa = PBXBuildFile; fileRef = 2AF699C8235E459700A056BA /* Quote.swift */; };
/* End PBXBuildFile section */

/* Begin PBXFileReference section */
		129739827C9580BFF2B0FA43 /* Pods_Idezz.framework */ = {isa = PBXFileReference; explicitFileType = wrapper.framework; includeInIndex = 0; path = Pods_Idezz.framework; sourceTree = BUILT_PRODUCTS_DIR; };
		2A52BD08235A4A890023A60F /* UIColor+Utils.swift */ = {isa = PBXFileReference; lastKnownFileType = sourcecode.swift; path = "UIColor+Utils.swift"; sourceTree = "<group>"; };
		2A52BD0A235CE64B0023A60F /* ListViewModel.swift */ = {isa = PBXFileReference; lastKnownFileType = sourcecode.swift; path = ListViewModel.swift; sourceTree = "<group>"; };
		2A52BD0C235CED370023A60F /* QuoteViewModel.swift */ = {isa = PBXFileReference; lastKnownFileType = sourcecode.swift; path = QuoteViewModel.swift; sourceTree = "<group>"; };
		2AD526C522BA522200312A60 /* Idezz.app */ = {isa = PBXFileReference; explicitFileType = wrapper.application; includeInIndex = 0; path = Idezz.app; sourceTree = BUILT_PRODUCTS_DIR; };
		2AD526C822BA522300312A60 /* AppDelegate.swift */ = {isa = PBXFileReference; lastKnownFileType = sourcecode.swift; path = AppDelegate.swift; sourceTree = "<group>"; };
		2AD526CA22BA522300312A60 /* ListViewController.swift */ = {isa = PBXFileReference; lastKnownFileType = sourcecode.swift; path = ListViewController.swift; sourceTree = "<group>"; };
		2AD526CD22BA522300312A60 /* Base */ = {isa = PBXFileReference; lastKnownFileType = file.storyboard; name = Base; path = Base.lproj/Main.storyboard; sourceTree = "<group>"; };
		2AD526CF22BA522700312A60 /* Assets.xcassets */ = {isa = PBXFileReference; lastKnownFileType = folder.assetcatalog; path = Assets.xcassets; sourceTree = "<group>"; };
		2AD526D222BA522700312A60 /* Base */ = {isa = PBXFileReference; lastKnownFileType = file.storyboard; name = Base; path = Base.lproj/LaunchScreen.storyboard; sourceTree = "<group>"; };
		2AD526D422BA522700312A60 /* Info.plist */ = {isa = PBXFileReference; lastKnownFileType = text.plist.xml; path = Info.plist; sourceTree = "<group>"; };
		2AD526DA22BA538500312A60 /* QuoteViewController.swift */ = {isa = PBXFileReference; lastKnownFileType = sourcecode.swift; path = QuoteViewController.swift; sourceTree = "<group>"; };
		2AD526DC22BA6CF600312A60 /* Category.swift */ = {isa = PBXFileReference; lastKnownFileType = sourcecode.swift; path = Category.swift; sourceTree = "<group>"; };
		2AD526DE22BAD91E00312A60 /* quotes.json */ = {isa = PBXFileReference; lastKnownFileType = text.json; path = quotes.json; sourceTree = "<group>"; };
		2AF699C8235E459700A056BA /* Quote.swift */ = {isa = PBXFileReference; lastKnownFileType = sourcecode.swift; path = Quote.swift; sourceTree = "<group>"; };
		9DE6D978A84E452F667FFDA8 /* Pods-Idezz.debug.xcconfig */ = {isa = PBXFileReference; includeInIndex = 1; lastKnownFileType = text.xcconfig; name = "Pods-Idezz.debug.xcconfig"; path = "Target Support Files/Pods-Idezz/Pods-Idezz.debug.xcconfig"; sourceTree = "<group>"; };
		C0437B7EFBE31280A8FE794A /* Pods-Idezz.release.xcconfig */ = {isa = PBXFileReference; includeInIndex = 1; lastKnownFileType = text.xcconfig; name = "Pods-Idezz.release.xcconfig"; path = "Target Support Files/Pods-Idezz/Pods-Idezz.release.xcconfig"; sourceTree = "<group>"; };
/* End PBXFileReference section */

/* Begin PBXFrameworksBuildPhase section */
		2AD526C222BA522200312A60 /* Frameworks */ = {
			isa = PBXFrameworksBuildPhase;
			buildActionMask = 2147483647;
			files = (
				00C3545A010094E149A5895D /* Pods_Idezz.framework in Frameworks */,
			);
			runOnlyForDeploymentPostprocessing = 0;
		};
/* End PBXFrameworksBuildPhase section */

/* Begin PBXGroup section */
		2A27B355236A243A00257031 /* ViewModels */ = {
			isa = PBXGroup;
			children = (
				2A52BD0C235CED370023A60F /* QuoteViewModel.swift */,
				2A52BD0A235CE64B0023A60F /* ListViewModel.swift */,
			);
			path = ViewModels;
			sourceTree = "<group>";
		};
		2A27B356236A245700257031 /* Views */ = {
			isa = PBXGroup;
			children = (
				2AD526CA22BA522300312A60 /* ListViewController.swift */,
				2AD526DA22BA538500312A60 /* QuoteViewController.swift */,
			);
			path = Views;
			sourceTree = "<group>";
		};
		2A27B357236A246500257031 /* Models */ = {
			isa = PBXGroup;
			children = (
				2AD526DC22BA6CF600312A60 /* Category.swift */,
				2AF699C8235E459700A056BA /* Quote.swift */,
			);
			path = Models;
			sourceTree = "<group>";
		};
		2A27B358236A24AB00257031 /* Resources */ = {
			isa = PBXGroup;
			children = (
				2AD526CF22BA522700312A60 /* Assets.xcassets */,
				2AD526DE22BAD91E00312A60 /* quotes.json */,
			);
			path = Resources;
			sourceTree = "<group>";
		};
		2A27B359236A24E500257031 /* Storyboards */ = {
			isa = PBXGroup;
			children = (
				2AD526CC22BA522300312A60 /* Main.storyboard */,
				2AD526D122BA522700312A60 /* LaunchScreen.storyboard */,
			);
			path = Storyboards;
			sourceTree = "<group>";
		};
		2A27B35A236A253300257031 /* Utils */ = {
			isa = PBXGroup;
			children = (
				2A52BD08235A4A890023A60F /* UIColor+Utils.swift */,
			);
			path = Utils;
			sourceTree = "<group>";
		};
		2AD526BC22BA522200312A60 = {
			isa = PBXGroup;
			children = (
				2AD526C722BA522300312A60 /* Idezz */,
				2AD526C622BA522200312A60 /* Products */,
				47CDEA3E83C3AF2EF41F0DFA /* Pods */,
				ACAEAC9399981BA48520E385 /* Frameworks */,
			);
			sourceTree = "<group>";
		};
		2AD526C622BA522200312A60 /* Products */ = {
			isa = PBXGroup;
			children = (
				2AD526C522BA522200312A60 /* Idezz.app */,
			);
			name = Products;
			sourceTree = "<group>";
		};
		2AD526C722BA522300312A60 /* Idezz */ = {
			isa = PBXGroup;
			children = (
				2A27B357236A246500257031 /* Models */,
				2A27B356236A245700257031 /* Views */,
				2A27B355236A243A00257031 /* ViewModels */,
				2A27B358236A24AB00257031 /* Resources */,
				2A27B359236A24E500257031 /* Storyboards */,
				2A27B35A236A253300257031 /* Utils */,
				2AD526C822BA522300312A60 /* AppDelegate.swift */,
				2AD526D422BA522700312A60 /* Info.plist */,
			);
			path = Idezz;
			sourceTree = "<group>";
		};
		47CDEA3E83C3AF2EF41F0DFA /* Pods */ = {
			isa = PBXGroup;
			children = (
				9DE6D978A84E452F667FFDA8 /* Pods-Idezz.debug.xcconfig */,
				C0437B7EFBE31280A8FE794A /* Pods-Idezz.release.xcconfig */,
			);
			path = Pods;
			sourceTree = "<group>";
		};
		ACAEAC9399981BA48520E385 /* Frameworks */ = {
			isa = PBXGroup;
			children = (
				129739827C9580BFF2B0FA43 /* Pods_Idezz.framework */,
			);
			name = Frameworks;
			sourceTree = "<group>";
		};
/* End PBXGroup section */

/* Begin PBXNativeTarget section */
		2AD526C422BA522200312A60 /* Idezz */ = {
			isa = PBXNativeTarget;
			buildConfigurationList = 2AD526D722BA522700312A60 /* Build configuration list for PBXNativeTarget "Idezz" */;
			buildPhases = (
				5C1FAD6FB5D279D3FC01F712 /* [CP] Check Pods Manifest.lock */,
				2AD526C122BA522200312A60 /* Sources */,
				2AD526C222BA522200312A60 /* Frameworks */,
				2AD526C322BA522200312A60 /* Resources */,
			);
			buildRules = (
			);
			dependencies = (
			);
			name = Idezz;
			productName = Idezz;
			productReference = 2AD526C522BA522200312A60 /* Idezz.app */;
			productType = "com.apple.product-type.application";
		};
/* End PBXNativeTarget section */

/* Begin PBXProject section */
		2AD526BD22BA522200312A60 /* Project object */ = {
			isa = PBXProject;
			attributes = {
				LastSwiftUpdateCheck = 1010;
				LastUpgradeCheck = 1010;
				ORGANIZATIONNAME = "Kalló Barbara";
				TargetAttributes = {
					2AD526C422BA522200312A60 = {
						CreatedOnToolsVersion = 10.1;
						LastSwiftMigration = 1020;
					};
				};
			};
			buildConfigurationList = 2AD526C022BA522200312A60 /* Build configuration list for PBXProject "Idezz" */;
			compatibilityVersion = "Xcode 9.3";
			developmentRegion = en;
			hasScannedForEncodings = 0;
			knownRegions = (
				en,
				Base,
			);
			mainGroup = 2AD526BC22BA522200312A60;
			productRefGroup = 2AD526C622BA522200312A60 /* Products */;
			projectDirPath = "";
			projectRoot = "";
			targets = (
				2AD526C422BA522200312A60 /* Idezz */,
			);
		};
/* End PBXProject section */

/* Begin PBXResourcesBuildPhase section */
		2AD526C322BA522200312A60 /* Resources */ = {
			isa = PBXResourcesBuildPhase;
			buildActionMask = 2147483647;
			files = (
				2AD526DF22BAD91E00312A60 /* quotes.json in Resources */,
				2AD526D322BA522700312A60 /* LaunchScreen.storyboard in Resources */,
				2AD526D022BA522700312A60 /* Assets.xcassets in Resources */,
				2AD526CE22BA522300312A60 /* Main.storyboard in Resources */,
			);
			runOnlyForDeploymentPostprocessing = 0;
		};
/* End PBXResourcesBuildPhase section */

/* Begin PBXShellScriptBuildPhase section */
		5C1FAD6FB5D279D3FC01F712 /* [CP] Check Pods Manifest.lock */ = {
			isa = PBXShellScriptBuildPhase;
			buildActionMask = 2147483647;
			files = (
			);
			inputFileListPaths = (
			);
			inputPaths = (
				"${PODS_PODFILE_DIR_PATH}/Podfile.lock",
				"${PODS_ROOT}/Manifest.lock",
			);
			name = "[CP] Check Pods Manifest.lock";
			outputFileListPaths = (
			);
			outputPaths = (
				"$(DERIVED_FILE_DIR)/Pods-Idezz-checkManifestLockResult.txt",
			);
			runOnlyForDeploymentPostprocessing = 0;
			shellPath = /bin/sh;
			shellScript = "diff \"${PODS_PODFILE_DIR_PATH}/Podfile.lock\" \"${PODS_ROOT}/Manifest.lock\" > /dev/null\nif [ $? != 0 ] ; then\n    # print error to STDERR\n    echo \"error: The sandbox is not in sync with the Podfile.lock. Run 'pod install' or update your CocoaPods installation.\" >&2\n    exit 1\nfi\n# This output is used by Xcode 'outputs' to avoid re-running this script phase.\necho \"SUCCESS\" > \"${SCRIPT_OUTPUT_FILE_0}\"\n";
			showEnvVarsInLog = 0;
		};
/* End PBXShellScriptBuildPhase section */

/* Begin PBXSourcesBuildPhase section */
		2AD526C122BA522200312A60 /* Sources */ = {
			isa = PBXSourcesBuildPhase;
			buildActionMask = 2147483647;
			files = (
				2A52BD09235A4A890023A60F /* UIColor+Utils.swift in Sources */,
				2AD526DD22BA6CF600312A60 /* Category.swift in Sources */,
				2AD526DB22BA538500312A60 /* QuoteViewController.swift in Sources */,
				2AD526CB22BA522300312A60 /* ListViewController.swift in Sources */,
				2AF699C9235E459700A056BA /* Quote.swift in Sources */,
				2A52BD0B235CE64B0023A60F /* ListViewModel.swift in Sources */,
				2AD526C922BA522300312A60 /* AppDelegate.swift in Sources */,
				2A52BD0D235CED370023A60F /* QuoteViewModel.swift in Sources */,
			);
			runOnlyForDeploymentPostprocessing = 0;
		};
/* End PBXSourcesBuildPhase section */

/* Begin PBXVariantGroup section */
		2AD526CC22BA522300312A60 /* Main.storyboard */ = {
			isa = PBXVariantGroup;
			children = (
				2AD526CD22BA522300312A60 /* Base */,
			);
			name = Main.storyboard;
			sourceTree = "<group>";
		};
		2AD526D122BA522700312A60 /* LaunchScreen.storyboard */ = {
			isa = PBXVariantGroup;
			children = (
				2AD526D222BA522700312A60 /* Base */,
			);
			name = LaunchScreen.storyboard;
			sourceTree = "<group>";
		};
/* End PBXVariantGroup section */

/* Begin XCBuildConfiguration section */
		2AD526D522BA522700312A60 /* Debug */ = {
			isa = XCBuildConfiguration;
			buildSettings = {
				ALWAYS_SEARCH_USER_PATHS = NO;
				CLANG_ANALYZER_NONNULL = YES;
				CLANG_ANALYZER_NUMBER_OBJECT_CONVERSION = YES_AGGRESSIVE;
				CLANG_CXX_LANGUAGE_STANDARD = "gnu++14";
				CLANG_CXX_LIBRARY = "libc++";
				CLANG_ENABLE_MODULES = YES;
				CLANG_ENABLE_OBJC_ARC = YES;
				CLANG_ENABLE_OBJC_WEAK = YES;
				CLANG_WARN_BLOCK_CAPTURE_AUTORELEASING = YES;
				CLANG_WARN_BOOL_CONVERSION = YES;
				CLANG_WARN_COMMA = YES;
				CLANG_WARN_CONSTANT_CONVERSION = YES;
				CLANG_WARN_DEPRECATED_OBJC_IMPLEMENTATIONS = YES;
				CLANG_WARN_DIRECT_OBJC_ISA_USAGE = YES_ERROR;
				CLANG_WARN_DOCUMENTATION_COMMENTS = YES;
				CLANG_WARN_EMPTY_BODY = YES;
				CLANG_WARN_ENUM_CONVERSION = YES;
				CLANG_WARN_INFINITE_RECURSION = YES;
				CLANG_WARN_INT_CONVERSION = YES;
				CLANG_WARN_NON_LITERAL_NULL_CONVERSION = YES;
				CLANG_WARN_OBJC_IMPLICIT_RETAIN_SELF = YES;
				CLANG_WARN_OBJC_LITERAL_CONVERSION = YES;
				CLANG_WARN_OBJC_ROOT_CLASS = YES_ERROR;
				CLANG_WARN_RANGE_LOOP_ANALYSIS = YES;
				CLANG_WARN_STRICT_PROTOTYPES = YES;
				CLANG_WARN_SUSPICIOUS_MOVE = YES;
				CLANG_WARN_UNGUARDED_AVAILABILITY = YES_AGGRESSIVE;
				CLANG_WARN_UNREACHABLE_CODE = YES;
				CLANG_WARN__DUPLICATE_METHOD_MATCH = YES;
				CODE_SIGN_IDENTITY = "iPhone Developer";
				COPY_PHASE_STRIP = NO;
				DEBUG_INFORMATION_FORMAT = dwarf;
				ENABLE_STRICT_OBJC_MSGSEND = YES;
				ENABLE_TESTABILITY = YES;
				GCC_C_LANGUAGE_STANDARD = gnu11;
				GCC_DYNAMIC_NO_PIC = NO;
				GCC_NO_COMMON_BLOCKS = YES;
				GCC_OPTIMIZATION_LEVEL = 0;
				GCC_PREPROCESSOR_DEFINITIONS = (
					"DEBUG=1",
					"$(inherited)",
				);
				GCC_WARN_64_TO_32_BIT_CONVERSION = YES;
				GCC_WARN_ABOUT_RETURN_TYPE = YES_ERROR;
				GCC_WARN_UNDECLARED_SELECTOR = YES;
				GCC_WARN_UNINITIALIZED_AUTOS = YES_AGGRESSIVE;
				GCC_WARN_UNUSED_FUNCTION = YES;
				GCC_WARN_UNUSED_VARIABLE = YES;
				IPHONEOS_DEPLOYMENT_TARGET = 12.1;
				MTL_ENABLE_DEBUG_INFO = INCLUDE_SOURCE;
				MTL_FAST_MATH = YES;
				ONLY_ACTIVE_ARCH = YES;
				SDKROOT = iphoneos;
				SWIFT_ACTIVE_COMPILATION_CONDITIONS = DEBUG;
				SWIFT_OPTIMIZATION_LEVEL = "-Onone";
			};
			name = Debug;
		};
		2AD526D622BA522700312A60 /* Release */ = {
			isa = XCBuildConfiguration;
			buildSettings = {
				ALWAYS_SEARCH_USER_PATHS = NO;
				CLANG_ANALYZER_NONNULL = YES;
				CLANG_ANALYZER_NUMBER_OBJECT_CONVERSION = YES_AGGRESSIVE;
				CLANG_CXX_LANGUAGE_STANDARD = "gnu++14";
				CLANG_CXX_LIBRARY = "libc++";
				CLANG_ENABLE_MODULES = YES;
				CLANG_ENABLE_OBJC_ARC = YES;
				CLANG_ENABLE_OBJC_WEAK = YES;
				CLANG_WARN_BLOCK_CAPTURE_AUTORELEASING = YES;
				CLANG_WARN_BOOL_CONVERSION = YES;
				CLANG_WARN_COMMA = YES;
				CLANG_WARN_CONSTANT_CONVERSION = YES;
				CLANG_WARN_DEPRECATED_OBJC_IMPLEMENTATIONS = YES;
				CLANG_WARN_DIRECT_OBJC_ISA_USAGE = YES_ERROR;
				CLANG_WARN_DOCUMENTATION_COMMENTS = YES;
				CLANG_WARN_EMPTY_BODY = YES;
				CLANG_WARN_ENUM_CONVERSION = YES;
				CLANG_WARN_INFINITE_RECURSION = YES;
				CLANG_WARN_INT_CONVERSION = YES;
				CLANG_WARN_NON_LITERAL_NULL_CONVERSION = YES;
				CLANG_WARN_OBJC_IMPLICIT_RETAIN_SELF = YES;
				CLANG_WARN_OBJC_LITERAL_CONVERSION = YES;
				CLANG_WARN_OBJC_ROOT_CLASS = YES_ERROR;
				CLANG_WARN_RANGE_LOOP_ANALYSIS = YES;
				CLANG_WARN_STRICT_PROTOTYPES = YES;
				CLANG_WARN_SUSPICIOUS_MOVE = YES;
				CLANG_WARN_UNGUARDED_AVAILABILITY = YES_AGGRESSIVE;
				CLANG_WARN_UNREACHABLE_CODE = YES;
				CLANG_WARN__DUPLICATE_METHOD_MATCH = YES;
				CODE_SIGN_IDENTITY = "iPhone Developer";
				COPY_PHASE_STRIP = NO;
				DEBUG_INFORMATION_FORMAT = "dwarf-with-dsym";
				ENABLE_NS_ASSERTIONS = NO;
				ENABLE_STRICT_OBJC_MSGSEND = YES;
				GCC_C_LANGUAGE_STANDARD = gnu11;
				GCC_NO_COMMON_BLOCKS = YES;
				GCC_WARN_64_TO_32_BIT_CONVERSION = YES;
				GCC_WARN_ABOUT_RETURN_TYPE = YES_ERROR;
				GCC_WARN_UNDECLARED_SELECTOR = YES;
				GCC_WARN_UNINITIALIZED_AUTOS = YES_AGGRESSIVE;
				GCC_WARN_UNUSED_FUNCTION = YES;
				GCC_WARN_UNUSED_VARIABLE = YES;
				IPHONEOS_DEPLOYMENT_TARGET = 12.1;
				MTL_ENABLE_DEBUG_INFO = NO;
				MTL_FAST_MATH = YES;
				SDKROOT = iphoneos;
				SWIFT_COMPILATION_MODE = wholemodule;
				SWIFT_OPTIMIZATION_LEVEL = "-O";
				VALIDATE_PRODUCT = YES;
			};
			name = Release;
		};
		2AD526D822BA522700312A60 /* Debug */ = {
			isa = XCBuildConfiguration;
			baseConfigurationReference = 9DE6D978A84E452F667FFDA8 /* Pods-Idezz.debug.xcconfig */;
			buildSettings = {
				ASSETCATALOG_COMPILER_APPICON_NAME = AppIcon;
				CODE_SIGN_STYLE = Automatic;
				DEVELOPMENT_TEAM = F83Q783W8D;
				INFOPLIST_FILE = Idezz/Info.plist;
				LD_RUNPATH_SEARCH_PATHS = (
					"$(inherited)",
					"@executable_path/Frameworks",
				);
				PRODUCT_BUNDLE_IDENTIFIER = com.barbarakallo.Idezz;
				PRODUCT_NAME = "$(TARGET_NAME)";
				SWIFT_VERSION = 5.0;
				TARGETED_DEVICE_FAMILY = "1,2";
			};
			name = Debug;
		};
		2AD526D922BA522700312A60 /* Release */ = {
			isa = XCBuildConfiguration;
			baseConfigurationReference = C0437B7EFBE31280A8FE794A /* Pods-Idezz.release.xcconfig */;
			buildSettings = {
				ASSETCATALOG_COMPILER_APPICON_NAME = AppIcon;
				CODE_SIGN_STYLE = Automatic;
				DEVELOPMENT_TEAM = F83Q783W8D;
				INFOPLIST_FILE = Idezz/Info.plist;
				LD_RUNPATH_SEARCH_PATHS = (
					"$(inherited)",
					"@executable_path/Frameworks",
				);
				PRODUCT_BUNDLE_IDENTIFIER = com.barbarakallo.Idezz;
				PRODUCT_NAME = "$(TARGET_NAME)";
				SWIFT_VERSION = 5.0;
				TARGETED_DEVICE_FAMILY = "1,2";
			};
			name = Release;
		};
/* End XCBuildConfiguration section */

/* Begin XCConfigurationList section */
		2AD526C022BA522200312A60 /* Build configuration list for PBXProject "Idezz" */ = {
			isa = XCConfigurationList;
			buildConfigurations = (
				2AD526D522BA522700312A60 /* Debug */,
				2AD526D622BA522700312A60 /* Release */,
			);
			defaultConfigurationIsVisible = 0;
			defaultConfigurationName = Release;
		};
		2AD526D722BA522700312A60 /* Build configuration list for PBXNativeTarget "Idezz" */ = {
			isa = XCConfigurationList;
			buildConfigurations = (
				2AD526D822BA522700312A60 /* Debug */,
				2AD526D922BA522700312A60 /* Release */,
			);
			defaultConfigurationIsVisible = 0;
			defaultConfigurationName = Release;
		};
/* End XCConfigurationList section */
	};
	rootObject = 2AD526BD22BA522200312A60 /* Project object */;
}
